
Microsoft Visual Studio Solution File, Format Version 12.00
# Visual Studio Version 16
VisualStudioVersion = 16.0.34729.46
MinimumVisualStudioVersion = 10.0.40219.1
Project("{FAE04EC0-301F-11D3-BF4B-00C04F79EFBC}") = "AG.COM.SDM.Manager", "AG.COM.SDM.Manager\AG.COM.SDM.Manager.csproj", "{0546A64F-FEFA-463F-8907-5F2A8A7FB346}"
EndProject
Project("{FAE04EC0-301F-11D3-BF4B-00C04F79EFBC}") = "AG.COM.SDM.Model", "AG.COM.SDM.Model\AG.COM.SDM.Model.csproj", "{F017DDA1-BF88-4282-9671-8BAB2FD38B2D}"
EndProject
Project("{FAE04EC0-301F-11D3-BF4B-00C04F79EFBC}") = "AG.COM.SDM.Plugins", "AG.COM.SDM.Plugins\AG.COM.SDM.Plugins.csproj", "{023A4FFE-9E97-4E5D-A6A3-798D60BB26F4}"
EndProject
Project("{FAE04EC0-301F-11D3-BF4B-00C04F79EFBC}") = "AG.COM.SDM.SystemUI", "AG.COM.SDM.SystemUI\AG.COM.SDM.SystemUI.csproj", "{43E6461C-072F-408A-A9F7-62629700D3B9}"
EndProject
Project("{FAE04EC0-301F-11D3-BF4B-00C04F79EFBC}") = "AG.COM.SDM.Framework", "AG.COM.SDM.Framework\AG.COM.SDM.Framework.csproj", "{6ABB052C-8FDD-4629-940F-F5525A922F29}"
EndProject
Project("{FAE04EC0-301F-11D3-BF4B-00C04F79EFBC}") = "AG.COM.SDM.Utility", "AG.COM.SDM.Utility\AG.COM.SDM.Utility.csproj", "{F17A0481-9911-431C-8703-23C2B45EE3E9}"
EndProject
Project("{FAE04EC0-301F-11D3-BF4B-00C04F79EFBC}") = "AG.COM.SDM.Config", "AG.COM.SDM.Config\AG.COM.SDM.Config.csproj", "{0C54F19F-0FE1-4606-A217-A221C2CD0104}"
EndProject
Project("{FAE04EC0-301F-11D3-BF4B-00C04F79EFBC}") = "AG.COM.SDM.ORM", "AG.COM.SDM.ORM\AG.COM.SDM.ORM.csproj", "{3AF3CC47-40C6-45C0-9436-34BF42062AC7}"
EndProject
Project("{FAE04EC0-301F-11D3-BF4B-00C04F79EFBC}") = "AG.COM.SDM.Express", "AG.COM.SDM.Express\AG.COM.SDM.Express.csproj", "{02FB640F-7D1F-4B24-A40E-A2A12717CE31}"
EndProject
Project("{FAE04EC0-301F-11D3-BF4B-00C04F79EFBC}") = "AG.COM.SDM.Database", "AG.COM.SDM.Database\AG.COM.SDM.Database.csproj", "{0605D315-9B62-488D-834F-ECFEB0AE7CDD}"
EndProject
Project("{FAE04EC0-301F-11D3-BF4B-00C04F79EFBC}") = "NetTopologySuite", "NetTopologySuite\NetTopologySuite.csproj", "{44A666F2-A8A5-4553-ABD4-F87E09377441}"
EndProject
Project("{FAE04EC0-301F-11D3-BF4B-00C04F79EFBC}") = "NetTopologySuite.Features", "NetTopologySuite.Features\NetTopologySuite.Features.csproj", "{144033FE-65E7-4250-A30C-9BD48B7B1FBE}"
EndProject
Project("{FAE04EC0-301F-11D3-BF4B-00C04F79EFBC}") = "NetTopologySuite.Gdal", "NetTopologySuite.Gdal\NetTopologySuite.Gdal.csproj", "{DDD6BE91-22D5-4D6F-83C0-F04557718DBB}"
EndProject
Project("{FAE04EC0-301F-11D3-BF4B-00C04F79EFBC}") = "NetTopologySuite.IO.Esri.Shapefile", "NetTopologySuite.IO.Esri.Shapefile\NetTopologySuite.IO.Esri.Shapefile.csproj", "{42C87DC4-AEDD-4DEC-8010-B6557CB02180}"
EndProject
Project("{FAE04EC0-301F-11D3-BF4B-00C04F79EFBC}") = "NetTopologySuite.IO.SpatialDb", "NetTopologySuite.IO.Postgis\NetTopologySuite.IO.SpatialDb.csproj", "{2AFE537A-CFA2-4E5C-8E0F-8253DA1DC7E3}"
EndProject
Project("{FAE04EC0-301F-11D3-BF4B-00C04F79EFBC}") = "AG.COM.SDM.DataOperate", "AG.COM.SDM.DataOperate\AG.COM.SDM.DataOperate.csproj", "{924D5096-3C03-4C18-B31F-ACF59B7737A8}"
EndProject
Project("{FAE04EC0-301F-11D3-BF4B-00C04F79EFBC}") = "AG.COM.SDM.OperateCommand", "AG.COM.SDM.OperateCommand\AG.COM.SDM.OperateCommand.csproj", "{D95ED26A-2037-4416-98E3-1B9926C5F3AD}"
EndProject
Project("{FAE04EC0-301F-11D3-BF4B-00C04F79EFBC}") = "AG.COM.SDM.CommonFun", "AG.COM.SDM.CommonFun\AG.COM.SDM.CommonFun.csproj", "{81DA05DC-679D-4B0E-9DD7-6924F424665C}"
EndProject
Global
	GlobalSection(SolutionConfigurationPlatforms) = preSolution
		Debug|Any CPU = Debug|Any CPU
		Debug|x86 = Debug|x86
		Release|Any CPU = Release|Any CPU
		Release|x86 = Release|x86
		全部生成|Any CPU = 全部生成|Any CPU
		全部生成|x86 = 全部生成|x86
	EndGlobalSection
	GlobalSection(ProjectConfigurationPlatforms) = postSolution
		{0546A64F-FEFA-463F-8907-5F2A8A7FB346}.Debug|Any CPU.ActiveCfg = Debug|Any CPU
		{0546A64F-FEFA-463F-8907-5F2A8A7FB346}.Debug|Any CPU.Build.0 = Debug|Any CPU
		{0546A64F-FEFA-463F-8907-5F2A8A7FB346}.Debug|x86.ActiveCfg = Debug|x86
		{0546A64F-FEFA-463F-8907-5F2A8A7FB346}.Release|Any CPU.ActiveCfg = Release|Any CPU
		{0546A64F-FEFA-463F-8907-5F2A8A7FB346}.Release|Any CPU.Build.0 = Release|Any CPU
		{0546A64F-FEFA-463F-8907-5F2A8A7FB346}.Release|x86.ActiveCfg = Release|Any CPU
		{0546A64F-FEFA-463F-8907-5F2A8A7FB346}.Release|x86.Build.0 = Release|Any CPU
		{0546A64F-FEFA-463F-8907-5F2A8A7FB346}.全部生成|Any CPU.ActiveCfg = 全部生成|Any CPU
		{0546A64F-FEFA-463F-8907-5F2A8A7FB346}.全部生成|Any CPU.Build.0 = 全部生成|Any CPU
		{0546A64F-FEFA-463F-8907-5F2A8A7FB346}.全部生成|x86.ActiveCfg = 全部生成|x86
		{0546A64F-FEFA-463F-8907-5F2A8A7FB346}.全部生成|x86.Build.0 = 全部生成|x86
		{F017DDA1-BF88-4282-9671-8BAB2FD38B2D}.Debug|Any CPU.ActiveCfg = Debug|Any CPU
		{F017DDA1-BF88-4282-9671-8BAB2FD38B2D}.Debug|Any CPU.Build.0 = Debug|Any CPU
		{F017DDA1-BF88-4282-9671-8BAB2FD38B2D}.Debug|x86.ActiveCfg = Debug|x86
		{F017DDA1-BF88-4282-9671-8BAB2FD38B2D}.Release|Any CPU.ActiveCfg = Release|Any CPU
		{F017DDA1-BF88-4282-9671-8BAB2FD38B2D}.Release|Any CPU.Build.0 = Release|Any CPU
		{F017DDA1-BF88-4282-9671-8BAB2FD38B2D}.Release|x86.ActiveCfg = Release|x86
		{F017DDA1-BF88-4282-9671-8BAB2FD38B2D}.Release|x86.Build.0 = Release|x86
		{F017DDA1-BF88-4282-9671-8BAB2FD38B2D}.全部生成|Any CPU.ActiveCfg = 全部生成|Any CPU
		{F017DDA1-BF88-4282-9671-8BAB2FD38B2D}.全部生成|Any CPU.Build.0 = 全部生成|Any CPU
		{F017DDA1-BF88-4282-9671-8BAB2FD38B2D}.全部生成|x86.ActiveCfg = 全部生成|x86
		{F017DDA1-BF88-4282-9671-8BAB2FD38B2D}.全部生成|x86.Build.0 = 全部生成|x86
		{023A4FFE-9E97-4E5D-A6A3-798D60BB26F4}.Debug|Any CPU.ActiveCfg = Debug|Any CPU
		{023A4FFE-9E97-4E5D-A6A3-798D60BB26F4}.Debug|Any CPU.Build.0 = Debug|Any CPU
		{023A4FFE-9E97-4E5D-A6A3-798D60BB26F4}.Debug|x86.ActiveCfg = Debug|x86
		{023A4FFE-9E97-4E5D-A6A3-798D60BB26F4}.Release|Any CPU.ActiveCfg = Release|Any CPU
		{023A4FFE-9E97-4E5D-A6A3-798D60BB26F4}.Release|Any CPU.Build.0 = Release|Any CPU
		{023A4FFE-9E97-4E5D-A6A3-798D60BB26F4}.Release|x86.ActiveCfg = Release|Any CPU
		{023A4FFE-9E97-4E5D-A6A3-798D60BB26F4}.Release|x86.Build.0 = Release|Any CPU
		{023A4FFE-9E97-4E5D-A6A3-798D60BB26F4}.全部生成|Any CPU.ActiveCfg = 全部生成|Any CPU
		{023A4FFE-9E97-4E5D-A6A3-798D60BB26F4}.全部生成|Any CPU.Build.0 = 全部生成|Any CPU
		{023A4FFE-9E97-4E5D-A6A3-798D60BB26F4}.全部生成|x86.ActiveCfg = 全部生成|x86
		{023A4FFE-9E97-4E5D-A6A3-798D60BB26F4}.全部生成|x86.Build.0 = 全部生成|x86
		{43E6461C-072F-408A-A9F7-62629700D3B9}.Debug|Any CPU.ActiveCfg = Debug|Any CPU
		{43E6461C-072F-408A-A9F7-62629700D3B9}.Debug|Any CPU.Build.0 = Debug|Any CPU
		{43E6461C-072F-408A-A9F7-62629700D3B9}.Debug|x86.ActiveCfg = Debug|x86
		{43E6461C-072F-408A-A9F7-62629700D3B9}.Debug|x86.Build.0 = Debug|x86
		{43E6461C-072F-408A-A9F7-62629700D3B9}.Release|Any CPU.ActiveCfg = Release|Any CPU
		{43E6461C-072F-408A-A9F7-62629700D3B9}.Release|Any CPU.Build.0 = Release|Any CPU
		{43E6461C-072F-408A-A9F7-62629700D3B9}.Release|x86.ActiveCfg = Release|x86
		{43E6461C-072F-408A-A9F7-62629700D3B9}.Release|x86.Build.0 = Release|x86
		{43E6461C-072F-408A-A9F7-62629700D3B9}.全部生成|Any CPU.ActiveCfg = 全部生成|Any CPU
		{43E6461C-072F-408A-A9F7-62629700D3B9}.全部生成|Any CPU.Build.0 = 全部生成|Any CPU
		{43E6461C-072F-408A-A9F7-62629700D3B9}.全部生成|x86.ActiveCfg = 全部生成|x86
		{43E6461C-072F-408A-A9F7-62629700D3B9}.全部生成|x86.Build.0 = 全部生成|x86
		{6ABB052C-8FDD-4629-940F-F5525A922F29}.Debug|Any CPU.ActiveCfg = Debug|Any CPU
		{6ABB052C-8FDD-4629-940F-F5525A922F29}.Debug|Any CPU.Build.0 = Debug|Any CPU
		{6ABB052C-8FDD-4629-940F-F5525A922F29}.Debug|x86.ActiveCfg = Debug|x86
		{6ABB052C-8FDD-4629-940F-F5525A922F29}.Debug|x86.Build.0 = Debug|x86
		{6ABB052C-8FDD-4629-940F-F5525A922F29}.Release|Any CPU.ActiveCfg = Release|Any CPU
		{6ABB052C-8FDD-4629-940F-F5525A922F29}.Release|Any CPU.Build.0 = Release|Any CPU
		{6ABB052C-8FDD-4629-940F-F5525A922F29}.Release|x86.ActiveCfg = Release|x86
		{6ABB052C-8FDD-4629-940F-F5525A922F29}.Release|x86.Build.0 = Release|x86
		{6ABB052C-8FDD-4629-940F-F5525A922F29}.全部生成|Any CPU.ActiveCfg = 全部生成|Any CPU
		{6ABB052C-8FDD-4629-940F-F5525A922F29}.全部生成|Any CPU.Build.0 = 全部生成|Any CPU
		{6ABB052C-8FDD-4629-940F-F5525A922F29}.全部生成|x86.ActiveCfg = 全部生成|x86
		{6ABB052C-8FDD-4629-940F-F5525A922F29}.全部生成|x86.Build.0 = 全部生成|x86
		{F17A0481-9911-431C-8703-23C2B45EE3E9}.Debug|Any CPU.ActiveCfg = Debug|Any CPU
		{F17A0481-9911-431C-8703-23C2B45EE3E9}.Debug|Any CPU.Build.0 = Debug|Any CPU
		{F17A0481-9911-431C-8703-23C2B45EE3E9}.Debug|x86.ActiveCfg = Debug|x86
		{F17A0481-9911-431C-8703-23C2B45EE3E9}.Debug|x86.Build.0 = Debug|x86
		{F17A0481-9911-431C-8703-23C2B45EE3E9}.Release|Any CPU.ActiveCfg = Release|Any CPU
		{F17A0481-9911-431C-8703-23C2B45EE3E9}.Release|Any CPU.Build.0 = Release|Any CPU
		{F17A0481-9911-431C-8703-23C2B45EE3E9}.Release|x86.ActiveCfg = Release|x86
		{F17A0481-9911-431C-8703-23C2B45EE3E9}.Release|x86.Build.0 = Release|x86
		{F17A0481-9911-431C-8703-23C2B45EE3E9}.全部生成|Any CPU.ActiveCfg = 全部生成|Any CPU
		{F17A0481-9911-431C-8703-23C2B45EE3E9}.全部生成|Any CPU.Build.0 = 全部生成|Any CPU
		{F17A0481-9911-431C-8703-23C2B45EE3E9}.全部生成|x86.ActiveCfg = 全部生成|x86
		{F17A0481-9911-431C-8703-23C2B45EE3E9}.全部生成|x86.Build.0 = 全部生成|x86
		{0C54F19F-0FE1-4606-A217-A221C2CD0104}.Debug|Any CPU.ActiveCfg = Debug|Any CPU
		{0C54F19F-0FE1-4606-A217-A221C2CD0104}.Debug|Any CPU.Build.0 = Debug|Any CPU
		{0C54F19F-0FE1-4606-A217-A221C2CD0104}.Debug|x86.ActiveCfg = Debug|x86
		{0C54F19F-0FE1-4606-A217-A221C2CD0104}.Debug|x86.Build.0 = Debug|x86
		{0C54F19F-0FE1-4606-A217-A221C2CD0104}.Release|Any CPU.ActiveCfg = Release|Any CPU
		{0C54F19F-0FE1-4606-A217-A221C2CD0104}.Release|Any CPU.Build.0 = Release|Any CPU
		{0C54F19F-0FE1-4606-A217-A221C2CD0104}.Release|x86.ActiveCfg = Release|x86
		{0C54F19F-0FE1-4606-A217-A221C2CD0104}.Release|x86.Build.0 = Release|x86
		{0C54F19F-0FE1-4606-A217-A221C2CD0104}.全部生成|Any CPU.ActiveCfg = 全部生成|Any CPU
		{0C54F19F-0FE1-4606-A217-A221C2CD0104}.全部生成|Any CPU.Build.0 = 全部生成|Any CPU
		{0C54F19F-0FE1-4606-A217-A221C2CD0104}.全部生成|x86.ActiveCfg = 全部生成|x86
		{0C54F19F-0FE1-4606-A217-A221C2CD0104}.全部生成|x86.Build.0 = 全部生成|x86
		{3AF3CC47-40C6-45C0-9436-34BF42062AC7}.Debug|Any CPU.ActiveCfg = Debug|Any CPU
		{3AF3CC47-40C6-45C0-9436-34BF42062AC7}.Debug|Any CPU.Build.0 = Debug|Any CPU
		{3AF3CC47-40C6-45C0-9436-34BF42062AC7}.Debug|x86.ActiveCfg = Debug|x86
		{3AF3CC47-40C6-45C0-9436-34BF42062AC7}.Debug|x86.Build.0 = Debug|x86
		{3AF3CC47-40C6-45C0-9436-34BF42062AC7}.Release|Any CPU.ActiveCfg = Release|Any CPU
		{3AF3CC47-40C6-45C0-9436-34BF42062AC7}.Release|Any CPU.Build.0 = Release|Any CPU
		{3AF3CC47-40C6-45C0-9436-34BF42062AC7}.Release|x86.ActiveCfg = Release|x86
		{3AF3CC47-40C6-45C0-9436-34BF42062AC7}.Release|x86.Build.0 = Release|x86
		{3AF3CC47-40C6-45C0-9436-34BF42062AC7}.全部生成|Any CPU.ActiveCfg = Debug|Any CPU
		{3AF3CC47-40C6-45C0-9436-34BF42062AC7}.全部生成|Any CPU.Build.0 = Debug|Any CPU
		{3AF3CC47-40C6-45C0-9436-34BF42062AC7}.全部生成|x86.ActiveCfg = Debug|x86
		{3AF3CC47-40C6-45C0-9436-34BF42062AC7}.全部生成|x86.Build.0 = Debug|x86
		{02FB640F-7D1F-4B24-A40E-A2A12717CE31}.Debug|Any CPU.ActiveCfg = Debug|Any CPU
		{02FB640F-7D1F-4B24-A40E-A2A12717CE31}.Debug|Any CPU.Build.0 = Debug|Any CPU
		{02FB640F-7D1F-4B24-A40E-A2A12717CE31}.Debug|x86.ActiveCfg = Debug|x86
		{02FB640F-7D1F-4B24-A40E-A2A12717CE31}.Debug|x86.Build.0 = Debug|x86
		{02FB640F-7D1F-4B24-A40E-A2A12717CE31}.Release|Any CPU.ActiveCfg = Release|Any CPU
		{02FB640F-7D1F-4B24-A40E-A2A12717CE31}.Release|Any CPU.Build.0 = Release|Any CPU
		{02FB640F-7D1F-4B24-A40E-A2A12717CE31}.Release|x86.ActiveCfg = Release|x86
		{02FB640F-7D1F-4B24-A40E-A2A12717CE31}.Release|x86.Build.0 = Release|x86
		{02FB640F-7D1F-4B24-A40E-A2A12717CE31}.全部生成|Any CPU.ActiveCfg = 全部生成|Any CPU
		{02FB640F-7D1F-4B24-A40E-A2A12717CE31}.全部生成|Any CPU.Build.0 = 全部生成|Any CPU
		{02FB640F-7D1F-4B24-A40E-A2A12717CE31}.全部生成|x86.ActiveCfg = 全部生成|x86
		{02FB640F-7D1F-4B24-A40E-A2A12717CE31}.全部生成|x86.Build.0 = 全部生成|x86
		{0605D315-9B62-488D-834F-ECFEB0AE7CDD}.Debug|Any CPU.ActiveCfg = Debug|Any CPU
		{0605D315-9B62-488D-834F-ECFEB0AE7CDD}.Debug|Any CPU.Build.0 = Debug|Any CPU
		{0605D315-9B62-488D-834F-ECFEB0AE7CDD}.Debug|x86.ActiveCfg = Debug|Any CPU
		{0605D315-9B62-488D-834F-ECFEB0AE7CDD}.Debug|x86.Build.0 = Debug|Any CPU
		{0605D315-9B62-488D-834F-ECFEB0AE7CDD}.Release|Any CPU.ActiveCfg = Release|Any CPU
		{0605D315-9B62-488D-834F-ECFEB0AE7CDD}.Release|Any CPU.Build.0 = Release|Any CPU
		{0605D315-9B62-488D-834F-ECFEB0AE7CDD}.Release|x86.ActiveCfg = Release|Any CPU
		{0605D315-9B62-488D-834F-ECFEB0AE7CDD}.Release|x86.Build.0 = Release|Any CPU
		{0605D315-9B62-488D-834F-ECFEB0AE7CDD}.全部生成|Any CPU.ActiveCfg = Debug|Any CPU
		{0605D315-9B62-488D-834F-ECFEB0AE7CDD}.全部生成|Any CPU.Build.0 = Debug|Any CPU
		{0605D315-9B62-488D-834F-ECFEB0AE7CDD}.全部生成|x86.ActiveCfg = Debug|Any CPU
		{0605D315-9B62-488D-834F-ECFEB0AE7CDD}.全部生成|x86.Build.0 = Debug|Any CPU
		{44A666F2-A8A5-4553-ABD4-F87E09377441}.Debug|Any CPU.ActiveCfg = Debug|Any CPU
		{44A666F2-A8A5-4553-ABD4-F87E09377441}.Debug|Any CPU.Build.0 = Debug|Any CPU
		{44A666F2-A8A5-4553-ABD4-F87E09377441}.Debug|x86.ActiveCfg = Debug|Any CPU
		{44A666F2-A8A5-4553-ABD4-F87E09377441}.Debug|x86.Build.0 = Debug|Any CPU
		{44A666F2-A8A5-4553-ABD4-F87E09377441}.Release|Any CPU.ActiveCfg = Release|Any CPU
		{44A666F2-A8A5-4553-ABD4-F87E09377441}.Release|Any CPU.Build.0 = Release|Any CPU
		{44A666F2-A8A5-4553-ABD4-F87E09377441}.Release|x86.ActiveCfg = Release|Any CPU
		{44A666F2-A8A5-4553-ABD4-F87E09377441}.Release|x86.Build.0 = Release|Any CPU
		{44A666F2-A8A5-4553-ABD4-F87E09377441}.全部生成|Any CPU.ActiveCfg = Debug|Any CPU
		{44A666F2-A8A5-4553-ABD4-F87E09377441}.全部生成|Any CPU.Build.0 = Debug|Any CPU
		{44A666F2-A8A5-4553-ABD4-F87E09377441}.全部生成|x86.ActiveCfg = Debug|Any CPU
		{44A666F2-A8A5-4553-ABD4-F87E09377441}.全部生成|x86.Build.0 = Debug|Any CPU
		{144033FE-65E7-4250-A30C-9BD48B7B1FBE}.Debug|Any CPU.ActiveCfg = Debug|Any CPU
		{144033FE-65E7-4250-A30C-9BD48B7B1FBE}.Debug|Any CPU.Build.0 = Debug|Any CPU
		{144033FE-65E7-4250-A30C-9BD48B7B1FBE}.Debug|x86.ActiveCfg = Debug|Any CPU
		{144033FE-65E7-4250-A30C-9BD48B7B1FBE}.Debug|x86.Build.0 = Debug|Any CPU
		{144033FE-65E7-4250-A30C-9BD48B7B1FBE}.Release|Any CPU.ActiveCfg = Release|Any CPU
		{144033FE-65E7-4250-A30C-9BD48B7B1FBE}.Release|Any CPU.Build.0 = Release|Any CPU
		{144033FE-65E7-4250-A30C-9BD48B7B1FBE}.Release|x86.ActiveCfg = Release|Any CPU
		{144033FE-65E7-4250-A30C-9BD48B7B1FBE}.Release|x86.Build.0 = Release|Any CPU
		{144033FE-65E7-4250-A30C-9BD48B7B1FBE}.全部生成|Any CPU.ActiveCfg = Debug|Any CPU
		{144033FE-65E7-4250-A30C-9BD48B7B1FBE}.全部生成|Any CPU.Build.0 = Debug|Any CPU
		{144033FE-65E7-4250-A30C-9BD48B7B1FBE}.全部生成|x86.ActiveCfg = Debug|Any CPU
		{144033FE-65E7-4250-A30C-9BD48B7B1FBE}.全部生成|x86.Build.0 = Debug|Any CPU
		{DDD6BE91-22D5-4D6F-83C0-F04557718DBB}.Debug|Any CPU.ActiveCfg = Debug|Any CPU
		{DDD6BE91-22D5-4D6F-83C0-F04557718DBB}.Debug|Any CPU.Build.0 = Debug|Any CPU
		{DDD6BE91-22D5-4D6F-83C0-F04557718DBB}.Debug|x86.ActiveCfg = Debug|Any CPU
		{DDD6BE91-22D5-4D6F-83C0-F04557718DBB}.Debug|x86.Build.0 = Debug|Any CPU
		{DDD6BE91-22D5-4D6F-83C0-F04557718DBB}.Release|Any CPU.ActiveCfg = Release|Any CPU
		{DDD6BE91-22D5-4D6F-83C0-F04557718DBB}.Release|Any CPU.Build.0 = Release|Any CPU
		{DDD6BE91-22D5-4D6F-83C0-F04557718DBB}.Release|x86.ActiveCfg = Release|Any CPU
		{DDD6BE91-22D5-4D6F-83C0-F04557718DBB}.Release|x86.Build.0 = Release|Any CPU
		{DDD6BE91-22D5-4D6F-83C0-F04557718DBB}.全部生成|Any CPU.ActiveCfg = Debug|Any CPU
		{DDD6BE91-22D5-4D6F-83C0-F04557718DBB}.全部生成|Any CPU.Build.0 = Debug|Any CPU
		{DDD6BE91-22D5-4D6F-83C0-F04557718DBB}.全部生成|x86.ActiveCfg = Debug|Any CPU
		{DDD6BE91-22D5-4D6F-83C0-F04557718DBB}.全部生成|x86.Build.0 = Debug|Any CPU
		{42C87DC4-AEDD-4DEC-8010-B6557CB02180}.Debug|Any CPU.ActiveCfg = Debug|Any CPU
		{42C87DC4-AEDD-4DEC-8010-B6557CB02180}.Debug|Any CPU.Build.0 = Debug|Any CPU
		{42C87DC4-AEDD-4DEC-8010-B6557CB02180}.Debug|x86.ActiveCfg = Debug|Any CPU
		{42C87DC4-AEDD-4DEC-8010-B6557CB02180}.Debug|x86.Build.0 = Debug|Any CPU
		{42C87DC4-AEDD-4DEC-8010-B6557CB02180}.Release|Any CPU.ActiveCfg = Release|Any CPU
		{42C87DC4-AEDD-4DEC-8010-B6557CB02180}.Release|Any CPU.Build.0 = Release|Any CPU
		{42C87DC4-AEDD-4DEC-8010-B6557CB02180}.Release|x86.ActiveCfg = Release|Any CPU
		{42C87DC4-AEDD-4DEC-8010-B6557CB02180}.Release|x86.Build.0 = Release|Any CPU
		{42C87DC4-AEDD-4DEC-8010-B6557CB02180}.全部生成|Any CPU.ActiveCfg = Debug|Any CPU
		{42C87DC4-AEDD-4DEC-8010-B6557CB02180}.全部生成|Any CPU.Build.0 = Debug|Any CPU
		{42C87DC4-AEDD-4DEC-8010-B6557CB02180}.全部生成|x86.ActiveCfg = Debug|Any CPU
		{42C87DC4-AEDD-4DEC-8010-B6557CB02180}.全部生成|x86.Build.0 = Debug|Any CPU
		{2AFE537A-CFA2-4E5C-8E0F-8253DA1DC7E3}.Debug|Any CPU.ActiveCfg = Debug|Any CPU
		{2AFE537A-CFA2-4E5C-8E0F-8253DA1DC7E3}.Debug|Any CPU.Build.0 = Debug|Any CPU
		{2AFE537A-CFA2-4E5C-8E0F-8253DA1DC7E3}.Debug|x86.ActiveCfg = Debug|Any CPU
		{2AFE537A-CFA2-4E5C-8E0F-8253DA1DC7E3}.Debug|x86.Build.0 = Debug|Any CPU
		{2AFE537A-CFA2-4E5C-8E0F-8253DA1DC7E3}.Release|Any CPU.ActiveCfg = Release|Any CPU
		{2AFE537A-CFA2-4E5C-8E0F-8253DA1DC7E3}.Release|Any CPU.Build.0 = Release|Any CPU
		{2AFE537A-CFA2-4E5C-8E0F-8253DA1DC7E3}.Release|x86.ActiveCfg = Release|Any CPU
		{2AFE537A-CFA2-4E5C-8E0F-8253DA1DC7E3}.Release|x86.Build.0 = Release|Any CPU
		{2AFE537A-CFA2-4E5C-8E0F-8253DA1DC7E3}.全部生成|Any CPU.ActiveCfg = Debug|Any CPU
		{2AFE537A-CFA2-4E5C-8E0F-8253DA1DC7E3}.全部生成|Any CPU.Build.0 = Debug|Any CPU
		{2AFE537A-CFA2-4E5C-8E0F-8253DA1DC7E3}.全部生成|x86.ActiveCfg = Debug|Any CPU
		{2AFE537A-CFA2-4E5C-8E0F-8253DA1DC7E3}.全部生成|x86.Build.0 = Debug|Any CPU
		{924D5096-3C03-4C18-B31F-ACF59B7737A8}.Debug|Any CPU.ActiveCfg = Debug|Any CPU
		{924D5096-3C03-4C18-B31F-ACF59B7737A8}.Debug|Any CPU.Build.0 = Debug|Any CPU
		{924D5096-3C03-4C18-B31F-ACF59B7737A8}.Debug|x86.ActiveCfg = Debug|Any CPU
		{924D5096-3C03-4C18-B31F-ACF59B7737A8}.Debug|x86.Build.0 = Debug|Any CPU
		{924D5096-3C03-4C18-B31F-ACF59B7737A8}.Release|Any CPU.ActiveCfg = Release|Any CPU
		{924D5096-3C03-4C18-B31F-ACF59B7737A8}.Release|Any CPU.Build.0 = Release|Any CPU
		{924D5096-3C03-4C18-B31F-ACF59B7737A8}.Release|x86.ActiveCfg = Release|Any CPU
		{924D5096-3C03-4C18-B31F-ACF59B7737A8}.Release|x86.Build.0 = Release|Any CPU
		{924D5096-3C03-4C18-B31F-ACF59B7737A8}.全部生成|Any CPU.ActiveCfg = Debug|Any CPU
		{924D5096-3C03-4C18-B31F-ACF59B7737A8}.全部生成|Any CPU.Build.0 = Debug|Any CPU
		{924D5096-3C03-4C18-B31F-ACF59B7737A8}.全部生成|x86.ActiveCfg = Debug|Any CPU
		{924D5096-3C03-4C18-B31F-ACF59B7737A8}.全部生成|x86.Build.0 = Debug|Any CPU
		{D95ED26A-2037-4416-98E3-1B9926C5F3AD}.Debug|Any CPU.ActiveCfg = Debug|Any CPU
		{D95ED26A-2037-4416-98E3-1B9926C5F3AD}.Debug|Any CPU.Build.0 = Debug|Any CPU
		{D95ED26A-2037-4416-98E3-1B9926C5F3AD}.Debug|x86.ActiveCfg = Debug|Any CPU
		{D95ED26A-2037-4416-98E3-1B9926C5F3AD}.Debug|x86.Build.0 = Debug|Any CPU
		{D95ED26A-2037-4416-98E3-1B9926C5F3AD}.Release|Any CPU.ActiveCfg = Release|Any CPU
		{D95ED26A-2037-4416-98E3-1B9926C5F3AD}.Release|Any CPU.Build.0 = Release|Any CPU
		{D95ED26A-2037-4416-98E3-1B9926C5F3AD}.Release|x86.ActiveCfg = Release|Any CPU
		{D95ED26A-2037-4416-98E3-1B9926C5F3AD}.Release|x86.Build.0 = Release|Any CPU
		{D95ED26A-2037-4416-98E3-1B9926C5F3AD}.全部生成|Any CPU.ActiveCfg = Debug|Any CPU
		{D95ED26A-2037-4416-98E3-1B9926C5F3AD}.全部生成|Any CPU.Build.0 = Debug|Any CPU
		{D95ED26A-2037-4416-98E3-1B9926C5F3AD}.全部生成|x86.ActiveCfg = Debug|Any CPU
		{D95ED26A-2037-4416-98E3-1B9926C5F3AD}.全部生成|x86.Build.0 = Debug|Any CPU
		{81DA05DC-679D-4B0E-9DD7-6924F424665C}.Debug|Any CPU.ActiveCfg = Debug|Any CPU
		{81DA05DC-679D-4B0E-9DD7-6924F424665C}.Debug|Any CPU.Build.0 = Debug|Any CPU
		{81DA05DC-679D-4B0E-9DD7-6924F424665C}.Debug|x86.ActiveCfg = Debug|Any CPU
		{81DA05DC-679D-4B0E-9DD7-6924F424665C}.Debug|x86.Build.0 = Debug|Any CPU
		{81DA05DC-679D-4B0E-9DD7-6924F424665C}.Release|Any CPU.ActiveCfg = Release|Any CPU
		{81DA05DC-679D-4B0E-9DD7-6924F424665C}.Release|Any CPU.Build.0 = Release|Any CPU
		{81DA05DC-679D-4B0E-9DD7-6924F424665C}.Release|x86.ActiveCfg = Release|Any CPU
		{81DA05DC-679D-4B0E-9DD7-6924F424665C}.Release|x86.Build.0 = Release|Any CPU
		{81DA05DC-679D-4B0E-9DD7-6924F424665C}.全部生成|Any CPU.ActiveCfg = Debug|Any CPU
		{81DA05DC-679D-4B0E-9DD7-6924F424665C}.全部生成|Any CPU.Build.0 = Debug|Any CPU
		{81DA05DC-679D-4B0E-9DD7-6924F424665C}.全部生成|x86.ActiveCfg = Debug|Any CPU
		{81DA05DC-679D-4B0E-9DD7-6924F424665C}.全部生成|x86.Build.0 = Debug|Any CPU
	EndGlobalSection
	GlobalSection(SolutionProperties) = preSolution
		HideSolutionNode = FALSE
	EndGlobalSection
	GlobalSection(ExtensibilityGlobals) = postSolution
		SolutionGuid = {20716B35-793C-477C-9127-7610ECAB1A42}
	EndGlobalSection
	GlobalSection(SubversionScc) = preSolution
		Svn-Managed = True
		Manager = AnkhSVN - Subversion Support for Visual Studio
	EndGlobalSection
EndGlobal
